// !$*UTF8*$!
{
	archiveVersion = 1;
	classes = {
	};
	objectVersion = 56;
	objects = {

/* Begin PBXBuildFile section */
		73144CD02AE626DB00F0D819 /* DivideSeconds.swift in Sources */ = {isa = PBXBuildFile; fileRef = 73144CCF2AE626DB00F0D819 /* DivideSeconds.swift */; };
		73144CD22AE6271600F0D819 /* HourlyRate.swift in Sources */ = {isa = PBXBuildFile; fileRef = 73144CD12AE6271600F0D819 /* HourlyRate.swift */; };
		73144CD52AE636AB00F0D819 /* OddEven.swift in Sources */ = {isa = PBXBuildFile; fileRef = 73144CD42AE636AB00F0D819 /* OddEven.swift */; };
		73144CD72AE6370500F0D819 /* SubSmall.swift in Sources */ = {isa = PBXBuildFile; fileRef = 73144CD62AE6370500F0D819 /* SubSmall.swift */; };
		73144CD92AE6373700F0D819 /* NumberOfBox.swift in Sources */ = {isa = PBXBuildFile; fileRef = 73144CD82AE6373700F0D819 /* NumberOfBox.swift */; };
		73144CDC2AE64AED00F0D819 /* Variousfunction.swift in Sources */ = {isa = PBXBuildFile; fileRef = 73144CDB2AE64AED00F0D819 /* Variousfunction.swift */; };
		73144CDF2AE6525500F0D819 /* UIPractice.swift in Sources */ = {isa = PBXBuildFile; fileRef = 73144CDE2AE6525500F0D819 /* UIPractice.swift */; };
		73144CE12AE6526900F0D819 /* Counter.swift in Sources */ = {isa = PBXBuildFile; fileRef = 73144CE02AE6526900F0D819 /* Counter.swift */; };
		73144CE32AE6528F00F0D819 /* Arrangement.swift in Sources */ = {isa = PBXBuildFile; fileRef = 73144CE22AE6528F00F0D819 /* Arrangement.swift */; };
		7316F98B2AF1DCFF00657E53 /* ListPractice.swift in Sources */ = {isa = PBXBuildFile; fileRef = 7316F98A2AF1DCFF00657E53 /* ListPractice.swift */; };
		7316F98D2AF2057B00657E53 /* DivSection.swift in Sources */ = {isa = PBXBuildFile; fileRef = 7316F98C2AF2057B00657E53 /* DivSection.swift */; };
		7316F98F2AF227D900657E53 /* NaviFirst.swift in Sources */ = {isa = PBXBuildFile; fileRef = 7316F98E2AF227D900657E53 /* NaviFirst.swift */; };
		7316F9912AF2280700657E53 /* NaviSecond.swift in Sources */ = {isa = PBXBuildFile; fileRef = 7316F9902AF2280700657E53 /* NaviSecond.swift */; };
		731A3DCE2AE2306F0044B2BA /* ExampleListApp.swift in Sources */ = {isa = PBXBuildFile; fileRef = 731A3DCD2AE2306F0044B2BA /* ExampleListApp.swift */; };
		731A3DD22AE2306F0044B2BA /* Assets.xcassets in Resources */ = {isa = PBXBuildFile; fileRef = 731A3DD12AE2306F0044B2BA /* Assets.xcassets */; };
		731A3DD52AE2306F0044B2BA /* Preview Assets.xcassets in Resources */ = {isa = PBXBuildFile; fileRef = 731A3DD42AE2306F0044B2BA /* Preview Assets.xcassets */; };
		731A3DDC2AE2309B0044B2BA /* ExampleList.swift in Sources */ = {isa = PBXBuildFile; fileRef = 731A3DDB2AE2309B0044B2BA /* ExampleList.swift */; };
		731A3DE02AE232FB0044B2BA /* Maplestory OTF Bold.otf in Resources */ = {isa = PBXBuildFile; fileRef = 731A3DDF2AE232FB0044B2BA /* Maplestory OTF Bold.otf */; };
		731A3DE22AE233030044B2BA /* Maplestory OTF Light.otf in Resources */ = {isa = PBXBuildFile; fileRef = 731A3DE12AE233030044B2BA /* Maplestory OTF Light.otf */; };
		731A3DE52AE234A70044B2BA /* FontViewModifier.swift in Sources */ = {isa = PBXBuildFile; fileRef = 731A3DE42AE234A70044B2BA /* FontViewModifier.swift */; };
		731A3DE82AE278370044B2BA /* FourBasicOperations.swift in Sources */ = {isa = PBXBuildFile; fileRef = 731A3DE72AE278370044B2BA /* FourBasicOperations.swift */; };
		731A3DEC2AE278E60044B2BA /* ThrowHundred.swift in Sources */ = {isa = PBXBuildFile; fileRef = 731A3DEB2AE278E60044B2BA /* ThrowHundred.swift */; };
		731A3DEE2AE279170044B2BA /* SeatOne.swift in Sources */ = {isa = PBXBuildFile; fileRef = 731A3DED2AE279170044B2BA /* SeatOne.swift */; };
		731A3DF02AE2793A0044B2BA /* Average.swift in Sources */ = {isa = PBXBuildFile; fileRef = 731A3DEF2AE2793A0044B2BA /* Average.swift */; };
		731A3DF22AE2A36C0044B2BA /* DivideOranges.swift in Sources */ = {isa = PBXBuildFile; fileRef = 731A3DF12AE2A36C0044B2BA /* DivideOranges.swift */; };
		7329000D2AE7428D007112CB /* AsyncPractice.swift in Sources */ = {isa = PBXBuildFile; fileRef = 7329000C2AE7428D007112CB /* AsyncPractice.swift */; };
		7329000F2AE742B1007112CB /* WithTaskGroup.swift in Sources */ = {isa = PBXBuildFile; fileRef = 7329000E2AE742B1007112CB /* WithTaskGroup.swift */; };
		73796E662AEA1BE40007A5D9 /* Lifecycle.swift in Sources */ = {isa = PBXBuildFile; fileRef = 73796E652AEA1BE40007A5D9 /* Lifecycle.swift */; };
		73796E682AEA1BF70007A5D9 /* FirstTabView.swift in Sources */ = {isa = PBXBuildFile; fileRef = 73796E672AEA1BF70007A5D9 /* FirstTabView.swift */; };
		73796E6A2AEA1C110007A5D9 /* SecondTabView.swift in Sources */ = {isa = PBXBuildFile; fileRef = 73796E692AEA1C110007A5D9 /* SecondTabView.swift */; };
		73796E6C2AEA2D0C0007A5D9 /* Observable.swift in Sources */ = {isa = PBXBuildFile; fileRef = 73796E6B2AEA2D0C0007A5D9 /* Observable.swift */; };
		73796E6E2AEA2DE70007A5D9 /* ObservableVM.swift in Sources */ = {isa = PBXBuildFile; fileRef = 73796E6D2AEA2DE70007A5D9 /* ObservableVM.swift */; };
		73796E702AEA32280007A5D9 /* ObservableSecound.swift in Sources */ = {isa = PBXBuildFile; fileRef = 73796E6F2AEA32280007A5D9 /* ObservableSecound.swift */; };
		73796E722AEA417A0007A5D9 /* StorageView.swift in Sources */ = {isa = PBXBuildFile; fileRef = 73796E712AEA417A0007A5D9 /* StorageView.swift */; };
		73796E742AEA43700007A5D9 /* SceneStorageView.swift in Sources */ = {isa = PBXBuildFile; fileRef = 73796E732AEA43700007A5D9 /* SceneStorageView.swift */; };
		73796E762AEA43850007A5D9 /* AppStorageView.swift in Sources */ = {isa = PBXBuildFile; fileRef = 73796E752AEA43850007A5D9 /* AppStorageView.swift */; };
		73911B6C2AF323070004A50B /* ListNavi.swift in Sources */ = {isa = PBXBuildFile; fileRef = 73911B6B2AF323070004A50B /* ListNavi.swift */; };
		73911B6E2AF325D00004A50B /* CarAssets.xcassets in Resources */ = {isa = PBXBuildFile; fileRef = 73911B6D2AF325CF0004A50B /* CarAssets.xcassets */; };
		73911B702AF3267F0004A50B /* carData.json in Resources */ = {isa = PBXBuildFile; fileRef = 73911B6F2AF3267F0004A50B /* carData.json */; };
		73911B722AF329140004A50B /* NovemberUseModel.swift in Sources */ = {isa = PBXBuildFile; fileRef = 73911B712AF329140004A50B /* NovemberUseModel.swift */; };
		73911B742AF329740004A50B /* ListNaviViewModel.swift in Sources */ = {isa = PBXBuildFile; fileRef = 73911B732AF329740004A50B /* ListNaviViewModel.swift */; };
		739B24E52AEF7DF1007D0FC4 /* SortExampleOne.swift in Sources */ = {isa = PBXBuildFile; fileRef = 739B24E42AEF7DF1007D0FC4 /* SortExampleOne.swift */; };
		739B24E72AEF7E25007D0FC4 /* SortExampleTwo.swift in Sources */ = {isa = PBXBuildFile; fileRef = 739B24E62AEF7E25007D0FC4 /* SortExampleTwo.swift */; };
		739B24E92AEFA2A2007D0FC4 /* SortExampleThree.swift in Sources */ = {isa = PBXBuildFile; fileRef = 739B24E82AEFA2A2007D0FC4 /* SortExampleThree.swift */; };
		739B24EB2AEFA2AB007D0FC4 /* SortExampleFour.swift in Sources */ = {isa = PBXBuildFile; fileRef = 739B24EA2AEFA2AB007D0FC4 /* SortExampleFour.swift */; };
		739B24ED2AEFA2B5007D0FC4 /* SortExampleFive.swift in Sources */ = {isa = PBXBuildFile; fileRef = 739B24EC2AEFA2B5007D0FC4 /* SortExampleFive.swift */; };
		739B24EF2AEFA2BF007D0FC4 /* SortExampleSix.swift in Sources */ = {isa = PBXBuildFile; fileRef = 739B24EE2AEFA2BF007D0FC4 /* SortExampleSix.swift */; };
		739B24F12AEFA2E2007D0FC4 /* SortExampleSeven.swift in Sources */ = {isa = PBXBuildFile; fileRef = 739B24F02AEFA2E2007D0FC4 /* SortExampleSeven.swift */; };
/* End PBXBuildFile section */

/* Begin PBXFileReference section */
		73144CCF2AE626DB00F0D819 /* DivideSeconds.swift */ = {isa = PBXFileReference; lastKnownFileType = sourcecode.swift; path = DivideSeconds.swift; sourceTree = "<group>"; };
		73144CD12AE6271600F0D819 /* HourlyRate.swift */ = {isa = PBXFileReference; lastKnownFileType = sourcecode.swift; path = HourlyRate.swift; sourceTree = "<group>"; };
		73144CD42AE636AB00F0D819 /* OddEven.swift */ = {isa = PBXFileReference; lastKnownFileType = sourcecode.swift; path = OddEven.swift; sourceTree = "<group>"; };
		73144CD62AE6370500F0D819 /* SubSmall.swift */ = {isa = PBXFileReference; lastKnownFileType = sourcecode.swift; path = SubSmall.swift; sourceTree = "<group>"; };
		73144CD82AE6373700F0D819 /* NumberOfBox.swift */ = {isa = PBXFileReference; lastKnownFileType = sourcecode.swift; path = NumberOfBox.swift; sourceTree = "<group>"; };
		73144CDB2AE64AED00F0D819 /* Variousfunction.swift */ = {isa = PBXFileReference; lastKnownFileType = sourcecode.swift; path = Variousfunction.swift; sourceTree = "<group>"; };
		73144CDE2AE6525500F0D819 /* UIPractice.swift */ = {isa = PBXFileReference; lastKnownFileType = sourcecode.swift; path = UIPractice.swift; sourceTree = "<group>"; };
		73144CE02AE6526900F0D819 /* Counter.swift */ = {isa = PBXFileReference; lastKnownFileType = sourcecode.swift; path = Counter.swift; sourceTree = "<group>"; };
		73144CE22AE6528F00F0D819 /* Arrangement.swift */ = {isa = PBXFileReference; lastKnownFileType = sourcecode.swift; path = Arrangement.swift; sourceTree = "<group>"; };
		7316F98A2AF1DCFF00657E53 /* ListPractice.swift */ = {isa = PBXFileReference; lastKnownFileType = sourcecode.swift; path = ListPractice.swift; sourceTree = "<group>"; };
		7316F98C2AF2057B00657E53 /* DivSection.swift */ = {isa = PBXFileReference; lastKnownFileType = sourcecode.swift; path = DivSection.swift; sourceTree = "<group>"; };
		7316F98E2AF227D900657E53 /* NaviFirst.swift */ = {isa = PBXFileReference; lastKnownFileType = sourcecode.swift; path = NaviFirst.swift; sourceTree = "<group>"; };
		7316F9902AF2280700657E53 /* NaviSecond.swift */ = {isa = PBXFileReference; lastKnownFileType = sourcecode.swift; path = NaviSecond.swift; sourceTree = "<group>"; };
		731A3DCA2AE2306F0044B2BA /* ExampleList.app */ = {isa = PBXFileReference; explicitFileType = wrapper.application; includeInIndex = 0; path = ExampleList.app; sourceTree = BUILT_PRODUCTS_DIR; };
		731A3DCD2AE2306F0044B2BA /* ExampleListApp.swift */ = {isa = PBXFileReference; lastKnownFileType = sourcecode.swift; path = ExampleListApp.swift; sourceTree = "<group>"; };
		731A3DD12AE2306F0044B2BA /* Assets.xcassets */ = {isa = PBXFileReference; lastKnownFileType = folder.assetcatalog; path = Assets.xcassets; sourceTree = "<group>"; };
		731A3DD42AE2306F0044B2BA /* Preview Assets.xcassets */ = {isa = PBXFileReference; lastKnownFileType = folder.assetcatalog; path = "Preview Assets.xcassets"; sourceTree = "<group>"; };
		731A3DDB2AE2309B0044B2BA /* ExampleList.swift */ = {isa = PBXFileReference; lastKnownFileType = sourcecode.swift; path = ExampleList.swift; sourceTree = "<group>"; };
		731A3DDF2AE232FB0044B2BA /* Maplestory OTF Bold.otf */ = {isa = PBXFileReference; lastKnownFileType = file; path = "Maplestory OTF Bold.otf"; sourceTree = "<group>"; };
		731A3DE12AE233030044B2BA /* Maplestory OTF Light.otf */ = {isa = PBXFileReference; lastKnownFileType = file; path = "Maplestory OTF Light.otf"; sourceTree = "<group>"; };
		731A3DE32AE233170044B2BA /* Info.plist */ = {isa = PBXFileReference; lastKnownFileType = text.plist; path = Info.plist; sourceTree = "<group>"; };
		731A3DE42AE234A70044B2BA /* FontViewModifier.swift */ = {isa = PBXFileReference; lastKnownFileType = sourcecode.swift; path = FontViewModifier.swift; sourceTree = "<group>"; };
		731A3DE72AE278370044B2BA /* FourBasicOperations.swift */ = {isa = PBXFileReference; lastKnownFileType = sourcecode.swift; path = FourBasicOperations.swift; sourceTree = "<group>"; };
		731A3DEB2AE278E60044B2BA /* ThrowHundred.swift */ = {isa = PBXFileReference; lastKnownFileType = sourcecode.swift; path = ThrowHundred.swift; sourceTree = "<group>"; };
		731A3DED2AE279170044B2BA /* SeatOne.swift */ = {isa = PBXFileReference; lastKnownFileType = sourcecode.swift; path = SeatOne.swift; sourceTree = "<group>"; };
		731A3DEF2AE2793A0044B2BA /* Average.swift */ = {isa = PBXFileReference; lastKnownFileType = sourcecode.swift; path = Average.swift; sourceTree = "<group>"; };
		731A3DF12AE2A36C0044B2BA /* DivideOranges.swift */ = {isa = PBXFileReference; lastKnownFileType = sourcecode.swift; path = DivideOranges.swift; sourceTree = "<group>"; };
		7329000C2AE7428D007112CB /* AsyncPractice.swift */ = {isa = PBXFileReference; lastKnownFileType = sourcecode.swift; path = AsyncPractice.swift; sourceTree = "<group>"; };
		7329000E2AE742B1007112CB /* WithTaskGroup.swift */ = {isa = PBXFileReference; lastKnownFileType = sourcecode.swift; path = WithTaskGroup.swift; sourceTree = "<group>"; };
		73796E652AEA1BE40007A5D9 /* Lifecycle.swift */ = {isa = PBXFileReference; lastKnownFileType = sourcecode.swift; path = Lifecycle.swift; sourceTree = "<group>"; };
		73796E672AEA1BF70007A5D9 /* FirstTabView.swift */ = {isa = PBXFileReference; lastKnownFileType = sourcecode.swift; path = FirstTabView.swift; sourceTree = "<group>"; };
		73796E692AEA1C110007A5D9 /* SecondTabView.swift */ = {isa = PBXFileReference; lastKnownFileType = sourcecode.swift; path = SecondTabView.swift; sourceTree = "<group>"; };
		73796E6B2AEA2D0C0007A5D9 /* Observable.swift */ = {isa = PBXFileReference; lastKnownFileType = sourcecode.swift; path = Observable.swift; sourceTree = "<group>"; };
		73796E6D2AEA2DE70007A5D9 /* ObservableVM.swift */ = {isa = PBXFileReference; lastKnownFileType = sourcecode.swift; path = ObservableVM.swift; sourceTree = "<group>"; };
		73796E6F2AEA32280007A5D9 /* ObservableSecound.swift */ = {isa = PBXFileReference; lastKnownFileType = sourcecode.swift; path = ObservableSecound.swift; sourceTree = "<group>"; };
		73796E712AEA417A0007A5D9 /* StorageView.swift */ = {isa = PBXFileReference; lastKnownFileType = sourcecode.swift; path = StorageView.swift; sourceTree = "<group>"; };
		73796E732AEA43700007A5D9 /* SceneStorageView.swift */ = {isa = PBXFileReference; lastKnownFileType = sourcecode.swift; path = SceneStorageView.swift; sourceTree = "<group>"; };
		73796E752AEA43850007A5D9 /* AppStorageView.swift */ = {isa = PBXFileReference; lastKnownFileType = sourcecode.swift; path = AppStorageView.swift; sourceTree = "<group>"; };
		73911B6B2AF323070004A50B /* ListNavi.swift */ = {isa = PBXFileReference; lastKnownFileType = sourcecode.swift; path = ListNavi.swift; sourceTree = "<group>"; };
		73911B6D2AF325CF0004A50B /* CarAssets.xcassets */ = {isa = PBXFileReference; lastKnownFileType = folder.assetcatalog; path = CarAssets.xcassets; sourceTree = "<group>"; };
		73911B6F2AF3267F0004A50B /* carData.json */ = {isa = PBXFileReference; fileEncoding = 4; lastKnownFileType = text.json; path = carData.json; sourceTree = "<group>"; };
		73911B712AF329140004A50B /* NovemberUseModel.swift */ = {isa = PBXFileReference; lastKnownFileType = sourcecode.swift; path = NovemberUseModel.swift; sourceTree = "<group>"; };
		73911B732AF329740004A50B /* ListNaviViewModel.swift */ = {isa = PBXFileReference; lastKnownFileType = sourcecode.swift; path = ListNaviViewModel.swift; sourceTree = "<group>"; };
		739B24E42AEF7DF1007D0FC4 /* SortExampleOne.swift */ = {isa = PBXFileReference; lastKnownFileType = sourcecode.swift; path = SortExampleOne.swift; sourceTree = "<group>"; };
		739B24E62AEF7E25007D0FC4 /* SortExampleTwo.swift */ = {isa = PBXFileReference; lastKnownFileType = sourcecode.swift; path = SortExampleTwo.swift; sourceTree = "<group>"; };
		739B24E82AEFA2A2007D0FC4 /* SortExampleThree.swift */ = {isa = PBXFileReference; lastKnownFileType = sourcecode.swift; path = SortExampleThree.swift; sourceTree = "<group>"; };
		739B24EA2AEFA2AB007D0FC4 /* SortExampleFour.swift */ = {isa = PBXFileReference; lastKnownFileType = sourcecode.swift; path = SortExampleFour.swift; sourceTree = "<group>"; };
		739B24EC2AEFA2B5007D0FC4 /* SortExampleFive.swift */ = {isa = PBXFileReference; lastKnownFileType = sourcecode.swift; path = SortExampleFive.swift; sourceTree = "<group>"; };
		739B24EE2AEFA2BF007D0FC4 /* SortExampleSix.swift */ = {isa = PBXFileReference; lastKnownFileType = sourcecode.swift; path = SortExampleSix.swift; sourceTree = "<group>"; };
		739B24F02AEFA2E2007D0FC4 /* SortExampleSeven.swift */ = {isa = PBXFileReference; lastKnownFileType = sourcecode.swift; path = SortExampleSeven.swift; sourceTree = "<group>"; };
/* End PBXFileReference section */

/* Begin PBXFrameworksBuildPhase section */
		731A3DC72AE2306F0044B2BA /* Frameworks */ = {
			isa = PBXFrameworksBuildPhase;
			buildActionMask = 2147483647;
			files = (
			);
			runOnlyForDeploymentPostprocessing = 0;
		};
/* End PBXFrameworksBuildPhase section */

/* Begin PBXGroup section */
		73144CCE2AE6263900F0D819 /* 2023_10_11 */ = {
			isa = PBXGroup;
			children = (
				73144CCF2AE626DB00F0D819 /* DivideSeconds.swift */,
				73144CD12AE6271600F0D819 /* HourlyRate.swift */,
			);
			path = 2023_10_11;
			sourceTree = "<group>";
		};
		73144CD32AE6363F00F0D819 /* 2023_10_12 */ = {
			isa = PBXGroup;
			children = (
				73144CD42AE636AB00F0D819 /* OddEven.swift */,
				73144CD62AE6370500F0D819 /* SubSmall.swift */,
				73144CD82AE6373700F0D819 /* NumberOfBox.swift */,
			);
			path = 2023_10_12;
			sourceTree = "<group>";
		};
		73144CDA2AE64A8F00F0D819 /* 2023_10_13 */ = {
			isa = PBXGroup;
			children = (
				73144CDB2AE64AED00F0D819 /* Variousfunction.swift */,
			);
			path = 2023_10_13;
			sourceTree = "<group>";
		};
		73144CDD2AE651E400F0D819 /* 2023_10_16 */ = {
			isa = PBXGroup;
			children = (
				73144CDE2AE6525500F0D819 /* UIPractice.swift */,
				73144CE02AE6526900F0D819 /* Counter.swift */,
				73144CE22AE6528F00F0D819 /* Arrangement.swift */,
			);
			path = 2023_10_16;
			sourceTree = "<group>";
		};
		7316F9892AF1DB2000657E53 /* 2023_11_01 */ = {
			isa = PBXGroup;
			children = (
				7316F98A2AF1DCFF00657E53 /* ListPractice.swift */,
				7316F98C2AF2057B00657E53 /* DivSection.swift */,
				7316F98E2AF227D900657E53 /* NaviFirst.swift */,
				7316F9902AF2280700657E53 /* NaviSecond.swift */,
			);
			path = 2023_11_01;
			sourceTree = "<group>";
		};
		731A3DC12AE2306F0044B2BA = {
			isa = PBXGroup;
			children = (
				731A3DCC2AE2306F0044B2BA /* ExampleList */,
				731A3DCB2AE2306F0044B2BA /* Products */,
			);
			sourceTree = "<group>";
		};
		731A3DCB2AE2306F0044B2BA /* Products */ = {
			isa = PBXGroup;
			children = (
				731A3DCA2AE2306F0044B2BA /* ExampleList.app */,
			);
			name = Products;
			sourceTree = "<group>";
		};
		731A3DCC2AE2306F0044B2BA /* ExampleList */ = {
			isa = PBXGroup;
			children = (
				731A3DE32AE233170044B2BA /* Info.plist */,
				731A3DCD2AE2306F0044B2BA /* ExampleListApp.swift */,
				731A3DD12AE2306F0044B2BA /* Assets.xcassets */,
				73911B6D2AF325CF0004A50B /* CarAssets.xcassets */,
				73911B6F2AF3267F0004A50B /* carData.json */,
				731A3DDB2AE2309B0044B2BA /* ExampleList.swift */,
				731A3DE42AE234A70044B2BA /* FontViewModifier.swift */,
				731A3DE62AE277E20044B2BA /* 2023_10_10 */,
				73144CCE2AE6263900F0D819 /* 2023_10_11 */,
				73144CD32AE6363F00F0D819 /* 2023_10_12 */,
				73144CDA2AE64A8F00F0D819 /* 2023_10_13 */,
				73144CDD2AE651E400F0D819 /* 2023_10_16 */,
				7329000B2AE74243007112CB /* 2023_10_19 */,
				73796E642AEA1BAA0007A5D9 /* 2023_10_26 */,
				739B24E32AEF7DC1007D0FC4 /* 2023_10_30 */,
				7316F9892AF1DB2000657E53 /* 2023_11_01 */,
				73911B6A2AF322E40004A50B /* 2023_11_02 */,
				731A3DDE2AE232950044B2BA /* FontFile */,
				731A3DD32AE2306F0044B2BA /* Preview Content */,
			);
			path = ExampleList;
			sourceTree = "<group>";
		};
		731A3DD32AE2306F0044B2BA /* Preview Content */ = {
			isa = PBXGroup;
			children = (
				731A3DD42AE2306F0044B2BA /* Preview Assets.xcassets */,
			);
			path = "Preview Content";
			sourceTree = "<group>";
		};
		731A3DDE2AE232950044B2BA /* FontFile */ = {
			isa = PBXGroup;
			children = (
				731A3DDF2AE232FB0044B2BA /* Maplestory OTF Bold.otf */,
				731A3DE12AE233030044B2BA /* Maplestory OTF Light.otf */,
			);
			path = FontFile;
			sourceTree = "<group>";
		};
		731A3DE62AE277E20044B2BA /* 2023_10_10 */ = {
			isa = PBXGroup;
			children = (
				731A3DE72AE278370044B2BA /* FourBasicOperations.swift */,
				731A3DF12AE2A36C0044B2BA /* DivideOranges.swift */,
				731A3DEB2AE278E60044B2BA /* ThrowHundred.swift */,
				731A3DED2AE279170044B2BA /* SeatOne.swift */,
				731A3DEF2AE2793A0044B2BA /* Average.swift */,
			);
			path = 2023_10_10;
			sourceTree = "<group>";
		};
		7329000B2AE74243007112CB /* 2023_10_19 */ = {
			isa = PBXGroup;
			children = (
				7329000C2AE7428D007112CB /* AsyncPractice.swift */,
				7329000E2AE742B1007112CB /* WithTaskGroup.swift */,
			);
			path = 2023_10_19;
			sourceTree = "<group>";
		};
		73796E642AEA1BAA0007A5D9 /* 2023_10_26 */ = {
			isa = PBXGroup;
			children = (
				73796E652AEA1BE40007A5D9 /* Lifecycle.swift */,
				73796E672AEA1BF70007A5D9 /* FirstTabView.swift */,
				73796E692AEA1C110007A5D9 /* SecondTabView.swift */,
				73796E6B2AEA2D0C0007A5D9 /* Observable.swift */,
				73796E6F2AEA32280007A5D9 /* ObservableSecound.swift */,
				73796E6D2AEA2DE70007A5D9 /* ObservableVM.swift */,
				73796E712AEA417A0007A5D9 /* StorageView.swift */,
				73796E732AEA43700007A5D9 /* SceneStorageView.swift */,
				73796E752AEA43850007A5D9 /* AppStorageView.swift */,
			);
			path = 2023_10_26;
			sourceTree = "<group>";
		};
		73911B6A2AF322E40004A50B /* 2023_11_02 */ = {
			isa = PBXGroup;
			children = (
				73911B6B2AF323070004A50B /* ListNavi.swift */,
				73911B712AF329140004A50B /* NovemberUseModel.swift */,
				73911B732AF329740004A50B /* ListNaviViewModel.swift */,
			);
			path = 2023_11_02;
			sourceTree = "<group>";
		};
		739B24E32AEF7DC1007D0FC4 /* 2023_10_30 */ = {
			isa = PBXGroup;
			children = (
				739B24E42AEF7DF1007D0FC4 /* SortExampleOne.swift */,
				739B24E62AEF7E25007D0FC4 /* SortExampleTwo.swift */,
				739B24E82AEFA2A2007D0FC4 /* SortExampleThree.swift */,
				739B24EA2AEFA2AB007D0FC4 /* SortExampleFour.swift */,
				739B24EC2AEFA2B5007D0FC4 /* SortExampleFive.swift */,
				739B24EE2AEFA2BF007D0FC4 /* SortExampleSix.swift */,
				739B24F02AEFA2E2007D0FC4 /* SortExampleSeven.swift */,
			);
			path = 2023_10_30;
			sourceTree = "<group>";
		};
/* End PBXGroup section */

/* Begin PBXNativeTarget section */
		731A3DC92AE2306F0044B2BA /* ExampleList */ = {
			isa = PBXNativeTarget;
			buildConfigurationList = 731A3DD82AE2306F0044B2BA /* Build configuration list for PBXNativeTarget "ExampleList" */;
			buildPhases = (
				731A3DC62AE2306F0044B2BA /* Sources */,
				731A3DC72AE2306F0044B2BA /* Frameworks */,
				731A3DC82AE2306F0044B2BA /* Resources */,
			);
			buildRules = (
			);
			dependencies = (
			);
			name = ExampleList;
			productName = ExampleList;
			productReference = 731A3DCA2AE2306F0044B2BA /* ExampleList.app */;
			productType = "com.apple.product-type.application";
		};
/* End PBXNativeTarget section */

/* Begin PBXProject section */
		731A3DC22AE2306F0044B2BA /* Project object */ = {
			isa = PBXProject;
			attributes = {
				BuildIndependentTargetsInParallel = 1;
				LastSwiftUpdateCheck = 1500;
				LastUpgradeCheck = 1500;
				TargetAttributes = {
					731A3DC92AE2306F0044B2BA = {
						CreatedOnToolsVersion = 15.0;
					};
				};
			};
			buildConfigurationList = 731A3DC52AE2306F0044B2BA /* Build configuration list for PBXProject "ExampleList" */;
			compatibilityVersion = "Xcode 14.0";
			developmentRegion = en;
			hasScannedForEncodings = 0;
			knownRegions = (
				en,
				Base,
			);
			mainGroup = 731A3DC12AE2306F0044B2BA;
			productRefGroup = 731A3DCB2AE2306F0044B2BA /* Products */;
			projectDirPath = "";
			projectRoot = "";
			targets = (
				731A3DC92AE2306F0044B2BA /* ExampleList */,
			);
		};
/* End PBXProject section */

/* Begin PBXResourcesBuildPhase section */
		731A3DC82AE2306F0044B2BA /* Resources */ = {
			isa = PBXResourcesBuildPhase;
			buildActionMask = 2147483647;
			files = (
				731A3DE22AE233030044B2BA /* Maplestory OTF Light.otf in Resources */,
				731A3DE02AE232FB0044B2BA /* Maplestory OTF Bold.otf in Resources */,
				731A3DD52AE2306F0044B2BA /* Preview Assets.xcassets in Resources */,
				73911B6E2AF325D00004A50B /* CarAssets.xcassets in Resources */,
				73911B702AF3267F0004A50B /* carData.json in Resources */,
				731A3DD22AE2306F0044B2BA /* Assets.xcassets in Resources */,
			);
			runOnlyForDeploymentPostprocessing = 0;
		};
/* End PBXResourcesBuildPhase section */

/* Begin PBXSourcesBuildPhase section */
		731A3DC62AE2306F0044B2BA /* Sources */ = {
			isa = PBXSourcesBuildPhase;
			buildActionMask = 2147483647;
			files = (
				7316F98D2AF2057B00657E53 /* DivSection.swift in Sources */,
				739B24EB2AEFA2AB007D0FC4 /* SortExampleFour.swift in Sources */,
				731A3DDC2AE2309B0044B2BA /* ExampleList.swift in Sources */,
				739B24E72AEF7E25007D0FC4 /* SortExampleTwo.swift in Sources */,
				731A3DCE2AE2306F0044B2BA /* ExampleListApp.swift in Sources */,
				73796E722AEA417A0007A5D9 /* StorageView.swift in Sources */,
				73911B722AF329140004A50B /* NovemberUseModel.swift in Sources */,
				73796E6A2AEA1C110007A5D9 /* SecondTabView.swift in Sources */,
				731A3DF22AE2A36C0044B2BA /* DivideOranges.swift in Sources */,
				7316F98F2AF227D900657E53 /* NaviFirst.swift in Sources */,
				731A3DF02AE2793A0044B2BA /* Average.swift in Sources */,
				73796E742AEA43700007A5D9 /* SceneStorageView.swift in Sources */,
				73144CD92AE6373700F0D819 /* NumberOfBox.swift in Sources */,
				7329000D2AE7428D007112CB /* AsyncPractice.swift in Sources */,
				73144CDF2AE6525500F0D819 /* UIPractice.swift in Sources */,
				7316F98B2AF1DCFF00657E53 /* ListPractice.swift in Sources */,
				73144CD72AE6370500F0D819 /* SubSmall.swift in Sources */,
				7316F9912AF2280700657E53 /* NaviSecond.swift in Sources */,
				739B24EF2AEFA2BF007D0FC4 /* SortExampleSix.swift in Sources */,
				73144CE32AE6528F00F0D819 /* Arrangement.swift in Sources */,
				73911B6C2AF323070004A50B /* ListNavi.swift in Sources */,
				731A3DEE2AE279170044B2BA /* SeatOne.swift in Sources */,
				73911B742AF329740004A50B /* ListNaviViewModel.swift in Sources */,
				7329000F2AE742B1007112CB /* WithTaskGroup.swift in Sources */,
				73144CE12AE6526900F0D819 /* Counter.swift in Sources */,
				739B24E92AEFA2A2007D0FC4 /* SortExampleThree.swift in Sources */,
				73796E702AEA32280007A5D9 /* ObservableSecound.swift in Sources */,
				739B24ED2AEFA2B5007D0FC4 /* SortExampleFive.swift in Sources */,
				73796E6E2AEA2DE70007A5D9 /* ObservableVM.swift in Sources */,
				731A3DEC2AE278E60044B2BA /* ThrowHundred.swift in Sources */,
				73796E682AEA1BF70007A5D9 /* FirstTabView.swift in Sources */,
				73144CD22AE6271600F0D819 /* HourlyRate.swift in Sources */,
				73796E762AEA43850007A5D9 /* AppStorageView.swift in Sources */,
				739B24E52AEF7DF1007D0FC4 /* SortExampleOne.swift in Sources */,
				73144CD02AE626DB00F0D819 /* DivideSeconds.swift in Sources */,
				731A3DE82AE278370044B2BA /* FourBasicOperations.swift in Sources */,
				739B24F12AEFA2E2007D0FC4 /* SortExampleSeven.swift in Sources */,
				73144CD52AE636AB00F0D819 /* OddEven.swift in Sources */,
				731A3DE52AE234A70044B2BA /* FontViewModifier.swift in Sources */,
				73796E662AEA1BE40007A5D9 /* Lifecycle.swift in Sources */,
				73144CDC2AE64AED00F0D819 /* Variousfunction.swift in Sources */,
				73796E6C2AEA2D0C0007A5D9 /* Observable.swift in Sources */,
			);
			runOnlyForDeploymentPostprocessing = 0;
		};
/* End PBXSourcesBuildPhase section */

/* Begin XCBuildConfiguration section */
		731A3DD62AE2306F0044B2BA /* Debug */ = {
			isa = XCBuildConfiguration;
			buildSettings = {
				ALWAYS_SEARCH_USER_PATHS = NO;
				ASSETCATALOG_COMPILER_GENERATE_SWIFT_ASSET_SYMBOL_EXTENSIONS = YES;
				CLANG_ANALYZER_NONNULL = YES;
				CLANG_ANALYZER_NUMBER_OBJECT_CONVERSION = YES_AGGRESSIVE;
				CLANG_CXX_LANGUAGE_STANDARD = "gnu++20";
				CLANG_ENABLE_MODULES = YES;
				CLANG_ENABLE_OBJC_ARC = YES;
				CLANG_ENABLE_OBJC_WEAK = YES;
				CLANG_WARN_BLOCK_CAPTURE_AUTORELEASING = YES;
				CLANG_WARN_BOOL_CONVERSION = YES;
				CLANG_WARN_COMMA = YES;
				CLANG_WARN_CONSTANT_CONVERSION = YES;
				CLANG_WARN_DEPRECATED_OBJC_IMPLEMENTATIONS = YES;
				CLANG_WARN_DIRECT_OBJC_ISA_USAGE = YES_ERROR;
				CLANG_WARN_DOCUMENTATION_COMMENTS = YES;
				CLANG_WARN_EMPTY_BODY = YES;
				CLANG_WARN_ENUM_CONVERSION = YES;
				CLANG_WARN_INFINITE_RECURSION = YES;
				CLANG_WARN_INT_CONVERSION = YES;
				CLANG_WARN_NON_LITERAL_NULL_CONVERSION = YES;
				CLANG_WARN_OBJC_IMPLICIT_RETAIN_SELF = YES;
				CLANG_WARN_OBJC_LITERAL_CONVERSION = YES;
				CLANG_WARN_OBJC_ROOT_CLASS = YES_ERROR;
				CLANG_WARN_QUOTED_INCLUDE_IN_FRAMEWORK_HEADER = YES;
				CLANG_WARN_RANGE_LOOP_ANALYSIS = YES;
				CLANG_WARN_STRICT_PROTOTYPES = YES;
				CLANG_WARN_SUSPICIOUS_MOVE = YES;
				CLANG_WARN_UNGUARDED_AVAILABILITY = YES_AGGRESSIVE;
				CLANG_WARN_UNREACHABLE_CODE = YES;
				CLANG_WARN__DUPLICATE_METHOD_MATCH = YES;
				COPY_PHASE_STRIP = NO;
				DEBUG_INFORMATION_FORMAT = dwarf;
				ENABLE_STRICT_OBJC_MSGSEND = YES;
				ENABLE_TESTABILITY = YES;
				ENABLE_USER_SCRIPT_SANDBOXING = YES;
				GCC_C_LANGUAGE_STANDARD = gnu17;
				GCC_DYNAMIC_NO_PIC = NO;
				GCC_NO_COMMON_BLOCKS = YES;
				GCC_OPTIMIZATION_LEVEL = 0;
				GCC_PREPROCESSOR_DEFINITIONS = (
					"DEBUG=1",
					"$(inherited)",
				);
				GCC_WARN_64_TO_32_BIT_CONVERSION = YES;
				GCC_WARN_ABOUT_RETURN_TYPE = YES_ERROR;
				GCC_WARN_UNDECLARED_SELECTOR = YES;
				GCC_WARN_UNINITIALIZED_AUTOS = YES_AGGRESSIVE;
				GCC_WARN_UNUSED_FUNCTION = YES;
				GCC_WARN_UNUSED_VARIABLE = YES;
				IPHONEOS_DEPLOYMENT_TARGET = 17.0;
				LOCALIZATION_PREFERS_STRING_CATALOGS = YES;
				MTL_ENABLE_DEBUG_INFO = INCLUDE_SOURCE;
				MTL_FAST_MATH = YES;
				ONLY_ACTIVE_ARCH = YES;
				SDKROOT = iphoneos;
				SWIFT_ACTIVE_COMPILATION_CONDITIONS = "DEBUG $(inherited)";
				SWIFT_OPTIMIZATION_LEVEL = "-Onone";
			};
			name = Debug;
		};
		731A3DD72AE2306F0044B2BA /* Release */ = {
			isa = XCBuildConfiguration;
			buildSettings = {
				ALWAYS_SEARCH_USER_PATHS = NO;
				ASSETCATALOG_COMPILER_GENERATE_SWIFT_ASSET_SYMBOL_EXTENSIONS = YES;
				CLANG_ANALYZER_NONNULL = YES;
				CLANG_ANALYZER_NUMBER_OBJECT_CONVERSION = YES_AGGRESSIVE;
				CLANG_CXX_LANGUAGE_STANDARD = "gnu++20";
				CLANG_ENABLE_MODULES = YES;
				CLANG_ENABLE_OBJC_ARC = YES;
				CLANG_ENABLE_OBJC_WEAK = YES;
				CLANG_WARN_BLOCK_CAPTURE_AUTORELEASING = YES;
				CLANG_WARN_BOOL_CONVERSION = YES;
				CLANG_WARN_COMMA = YES;
				CLANG_WARN_CONSTANT_CONVERSION = YES;
				CLANG_WARN_DEPRECATED_OBJC_IMPLEMENTATIONS = YES;
				CLANG_WARN_DIRECT_OBJC_ISA_USAGE = YES_ERROR;
				CLANG_WARN_DOCUMENTATION_COMMENTS = YES;
				CLANG_WARN_EMPTY_BODY = YES;
				CLANG_WARN_ENUM_CONVERSION = YES;
				CLANG_WARN_INFINITE_RECURSION = YES;
				CLANG_WARN_INT_CONVERSION = YES;
				CLANG_WARN_NON_LITERAL_NULL_CONVERSION = YES;
				CLANG_WARN_OBJC_IMPLICIT_RETAIN_SELF = YES;
				CLANG_WARN_OBJC_LITERAL_CONVERSION = YES;
				CLANG_WARN_OBJC_ROOT_CLASS = YES_ERROR;
				CLANG_WARN_QUOTED_INCLUDE_IN_FRAMEWORK_HEADER = YES;
				CLANG_WARN_RANGE_LOOP_ANALYSIS = YES;
				CLANG_WARN_STRICT_PROTOTYPES = YES;
				CLANG_WARN_SUSPICIOUS_MOVE = YES;
				CLANG_WARN_UNGUARDED_AVAILABILITY = YES_AGGRESSIVE;
				CLANG_WARN_UNREACHABLE_CODE = YES;
				CLANG_WARN__DUPLICATE_METHOD_MATCH = YES;
				COPY_PHASE_STRIP = NO;
				DEBUG_INFORMATION_FORMAT = "dwarf-with-dsym";
				ENABLE_NS_ASSERTIONS = NO;
				ENABLE_STRICT_OBJC_MSGSEND = YES;
				ENABLE_USER_SCRIPT_SANDBOXING = YES;
				GCC_C_LANGUAGE_STANDARD = gnu17;
				GCC_NO_COMMON_BLOCKS = YES;
				GCC_WARN_64_TO_32_BIT_CONVERSION = YES;
				GCC_WARN_ABOUT_RETURN_TYPE = YES_ERROR;
				GCC_WARN_UNDECLARED_SELECTOR = YES;
				GCC_WARN_UNINITIALIZED_AUTOS = YES_AGGRESSIVE;
				GCC_WARN_UNUSED_FUNCTION = YES;
				GCC_WARN_UNUSED_VARIABLE = YES;
				IPHONEOS_DEPLOYMENT_TARGET = 17.0;
				LOCALIZATION_PREFERS_STRING_CATALOGS = YES;
				MTL_ENABLE_DEBUG_INFO = NO;
				MTL_FAST_MATH = YES;
				SDKROOT = iphoneos;
				SWIFT_COMPILATION_MODE = wholemodule;
				VALIDATE_PRODUCT = YES;
			};
			name = Release;
		};
		731A3DD92AE2306F0044B2BA /* Debug */ = {
			isa = XCBuildConfiguration;
			buildSettings = {
				ASSETCATALOG_COMPILER_APPICON_NAME = AppIcon;
				ASSETCATALOG_COMPILER_GLOBAL_ACCENT_COLOR_NAME = AccentColor;
				CODE_SIGN_STYLE = Automatic;
				CURRENT_PROJECT_VERSION = 1;
				DEVELOPMENT_ASSET_PATHS = "\"ExampleList/Preview Content\"";
				ENABLE_PREVIEWS = YES;
				GENERATE_INFOPLIST_FILE = YES;
				INFOPLIST_FILE = ExampleList/Info.plist;
				INFOPLIST_KEY_UIApplicationSceneManifest_Generation = YES;
				INFOPLIST_KEY_UIApplicationSupportsIndirectInputEvents = YES;
				INFOPLIST_KEY_UILaunchScreen_Generation = YES;
				INFOPLIST_KEY_UISupportedInterfaceOrientations_iPad = "UIInterfaceOrientationPortrait UIInterfaceOrientationPortraitUpsideDown UIInterfaceOrientationLandscapeLeft UIInterfaceOrientationLandscapeRight";
				INFOPLIST_KEY_UISupportedInterfaceOrientations_iPhone = "UIInterfaceOrientationPortrait UIInterfaceOrientationLandscapeLeft UIInterfaceOrientationLandscapeRight";
				LD_RUNPATH_SEARCH_PATHS = (
					"$(inherited)",
					"@executable_path/Frameworks",
				);
				MARKETING_VERSION = 1.0;
				PRODUCT_BUNDLE_IDENTIFIER = jooyoung.ExampleList;
				PRODUCT_NAME = "$(TARGET_NAME)";
				SWIFT_EMIT_LOC_STRINGS = YES;
				SWIFT_VERSION = 5.0;
				TARGETED_DEVICE_FAMILY = "1,2";
			};
			name = Debug;
		};
		731A3DDA2AE2306F0044B2BA /* Release */ = {
			isa = XCBuildConfiguration;
			buildSettings = {
				ASSETCATALOG_COMPILER_APPICON_NAME = AppIcon;
				ASSETCATALOG_COMPILER_GLOBAL_ACCENT_COLOR_NAME = AccentColor;
				CODE_SIGN_STYLE = Automatic;
				CURRENT_PROJECT_VERSION = 1;
				DEVELOPMENT_ASSET_PATHS = "\"ExampleList/Preview Content\"";
				ENABLE_PREVIEWS = YES;
				GENERATE_INFOPLIST_FILE = YES;
				INFOPLIST_FILE = ExampleList/Info.plist;
				INFOPLIST_KEY_UIApplicationSceneManifest_Generation = YES;
				INFOPLIST_KEY_UIApplicationSupportsIndirectInputEvents = YES;
				INFOPLIST_KEY_UILaunchScreen_Generation = YES;
				INFOPLIST_KEY_UISupportedInterfaceOrientations_iPad = "UIInterfaceOrientationPortrait UIInterfaceOrientationPortraitUpsideDown UIInterfaceOrientationLandscapeLeft UIInterfaceOrientationLandscapeRight";
				INFOPLIST_KEY_UISupportedInterfaceOrientations_iPhone = "UIInterfaceOrientationPortrait UIInterfaceOrientationLandscapeLeft UIInterfaceOrientationLandscapeRight";
				LD_RUNPATH_SEARCH_PATHS = (
					"$(inherited)",
					"@executable_path/Frameworks",
				);
				MARKETING_VERSION = 1.0;
				PRODUCT_BUNDLE_IDENTIFIER = jooyoung.ExampleList;
				PRODUCT_NAME = "$(TARGET_NAME)";
				SWIFT_EMIT_LOC_STRINGS = YES;
				SWIFT_VERSION = 5.0;
				TARGETED_DEVICE_FAMILY = "1,2";
			};
			name = Release;
		};
/* End XCBuildConfiguration section */

/* Begin XCConfigurationList section */
		731A3DC52AE2306F0044B2BA /* Build configuration list for PBXProject "ExampleList" */ = {
			isa = XCConfigurationList;
			buildConfigurations = (
				731A3DD62AE2306F0044B2BA /* Debug */,
				731A3DD72AE2306F0044B2BA /* Release */,
			);
			defaultConfigurationIsVisible = 0;
			defaultConfigurationName = Release;
		};
		731A3DD82AE2306F0044B2BA /* Build configuration list for PBXNativeTarget "ExampleList" */ = {
			isa = XCConfigurationList;
			buildConfigurations = (
				731A3DD92AE2306F0044B2BA /* Debug */,
				731A3DDA2AE2306F0044B2BA /* Release */,
			);
			defaultConfigurationIsVisible = 0;
			defaultConfigurationName = Release;
		};
/* End XCConfigurationList section */
	};
	rootObject = 731A3DC22AE2306F0044B2BA /* Project object */;
}
